
Microsoft Visual Studio Solution File, Format Version 12.00
# Visual Studio 2012
Project("{FAE04EC0-301F-11D3-BF4B-00C04F79EFBC}") = "ArrayLeftShift", "ArrayLeftShift\ArrayLeftShift.csproj", "{FDE95168-B8A9-4300-9C0C-BD93694EF106}"
EndProject
Global
	GlobalSection(SolutionConfigurationPlatforms) = preSolution
		Debug|x86 = Debug|x86
		Release|x86 = Release|x86
	EndGlobalSection
	GlobalSection(ProjectConfigurationPlatforms) = postSolution
		{FDE95168-B8A9-4300-9C0C-BD93694EF106}.Debug|x86.ActiveCfg = Debug|x86
		{FDE95168-B8A9-4300-9C0C-BD93694EF106}.Debug|x86.Build.0 = Debug|x86
		{FDE95168-B8A9-4300-9C0C-BD93694EF106}.Release|x86.ActiveCfg = Release|x86
		{FDE95168-B8A9-4300-9C0C-BD93694EF106}.Release|x86.Build.0 = Release|x86
	EndGlobalSection
EndGlobal
